// !$*UTF8*$!
{
	archiveVersion = 1;
	classes = {
	};
	objectVersion = 56;
	objects = {

/* Begin PBXBuildFile section */
		1887597D0E458CF1DECA1BC5 /* ContentView.swift in Sources */ = {isa = PBXBuildFile; fileRef = 8487C4E236B372CAE06CE93F /* ContentView.swift */; };
		23A21586FFB99A320A325023 /* KindnessModels.swift in Sources */ = {isa = PBXBuildFile; fileRef = D30A27AAB4032E6AA30D6DED /* KindnessModels.swift */; };
		290AB6B7936A65B7ECD9E98F /* SpinWheelController.swift in Sources */ = {isa = PBXBuildFile; fileRef = BC1324DCDBB691DAC8B642B1 /* SpinWheelController.swift */; };
		2C60F8666A0C97BC86B5B300 /* ChallengeCardView.swift in Sources */ = {isa = PBXBuildFile; fileRef = 3D4817048E1E324B5ABF0DD9 /* ChallengeCardView.swift */; };
		39907B7695A992C2E084CB08 /* SpinWheelView.swift in Sources */ = {isa = PBXBuildFile; fileRef = ED7A52E8212E5785BFA98523 /* SpinWheelView.swift */; };
		3FB7511A8DF0D54A7B17DA2B /* StreakView.swift in Sources */ = {isa = PBXBuildFile; fileRef = A1DCED72314E61D404A3BF0F /* StreakView.swift */; };
		655EC58B26B0E2242C49C128 /* Assets.xcassets in Resources */ = {isa = PBXBuildFile; fileRef = 3A2B4EFF6550EE2F6B1B9447 /* Assets.xcassets */; };
		85C3AB99C38AD729AD44EA8B /* KindnessSpinWheelApp.swift in Sources */ = {isa = PBXBuildFile; fileRef = FDEFF940127A19C4D6488489 /* KindnessSpinWheelApp.swift */; };
/* End PBXBuildFile section */

/* Begin PBXFileReference section */
		3A2B4EFF6550EE2F6B1B9447 /* Assets.xcassets */ = {isa = PBXFileReference; lastKnownFileType = folder.assetcatalog; path = Assets.xcassets; sourceTree = "<group>"; };
		3D4817048E1E324B5ABF0DD9 /* ChallengeCardView.swift */ = {isa = PBXFileReference; lastKnownFileType = sourcecode.swift; path = ChallengeCardView.swift; sourceTree = "<group>"; };
		8487C4E236B372CAE06CE93F /* ContentView.swift */ = {isa = PBXFileReference; lastKnownFileType = sourcecode.swift; path = ContentView.swift; sourceTree = "<group>"; };
		A1DCED72314E61D404A3BF0F /* StreakView.swift */ = {isa = PBXFileReference; lastKnownFileType = sourcecode.swift; path = StreakView.swift; sourceTree = "<group>"; };
		A8C92F2E867B60571A8FABD0 /* KindnessSpinWheel.app */ = {isa = PBXFileReference; explicitFileType = wrapper.application; includeInIndex = 0; path = KindnessSpinWheel.app; sourceTree = BUILT_PRODUCTS_DIR; };
		BC1324DCDBB691DAC8B642B1 /* SpinWheelController.swift */ = {isa = PBXFileReference; lastKnownFileType = sourcecode.swift; path = SpinWheelController.swift; sourceTree = "<group>"; };
		D30A27AAB4032E6AA30D6DED /* KindnessModels.swift */ = {isa = PBXFileReference; lastKnownFileType = sourcecode.swift; path = KindnessModels.swift; sourceTree = "<group>"; };
		ED7A52E8212E5785BFA98523 /* SpinWheelView.swift */ = {isa = PBXFileReference; lastKnownFileType = sourcecode.swift; path = SpinWheelView.swift; sourceTree = "<group>"; };
		F25F671B59E07D56B5B992C3 /* Info.plist */ = {isa = PBXFileReference; lastKnownFileType = text.plist.xml; path = Info.plist; sourceTree = "<group>"; };
		FDEFF940127A19C4D6488489 /* KindnessSpinWheelApp.swift */ = {isa = PBXFileReference; lastKnownFileType = sourcecode.swift; path = KindnessSpinWheelApp.swift; sourceTree = "<group>"; };
/* End PBXFileReference section */

/* Begin PBXFrameworksBuildPhase section */
		AF4405882FBE3024E8B04307 /* Frameworks */ = {
			isa = PBXFrameworksBuildPhase;
			buildActionMask = 2147483647;
			files = (
			);
			runOnlyForDeploymentPostprocessing = 0;
		};
/* End PBXFrameworksBuildPhase section */

/* Begin PBXGroup section */
		0AA872D327B7BF1B6649F546 /* Resources */ = {
			isa = PBXGroup;
			children = (
				F25F671B59E07D56B5B992C3 /* Info.plist */,
				3A2B4EFF6550EE2F6B1B9447 /* Assets.xcassets */,
			);
			path = Resources;
			sourceTree = "<group>";
		};
		0DFB9C36FF64F31A7BFC032B /* App */ = {
			isa = PBXGroup;
			children = (
				FDEFF940127A19C4D6488489 /* KindnessSpinWheelApp.swift */,
			);
			path = App;
			sourceTree = "<group>";
		};
		23FAFA09E4D7B69479D199E9 = {
			isa = PBXGroup;
			children = (
				0DFB9C36FF64F31A7BFC032B /* App */,
				D50ED80368E8E7EA67F5A629 /* Models */,
				7E31910C2387DD8B62F8A455 /* Controllers */,
				956A10C5CD0BE9828958BACB /* Views */,
				0AA872D327B7BF1B6649F546 /* Resources */,
				901809E33D0D2F47DB2FA267 /* Products */,
			);
			sourceTree = "<group>";
		};
		7E31910C2387DD8B62F8A455 /* Controllers */ = {
			isa = PBXGroup;
			children = (
				BC1324DCDBB691DAC8B642B1 /* SpinWheelController.swift */,
			);
			path = Controllers;
			sourceTree = "<group>";
		};
		901809E33D0D2F47DB2FA267 /* Products */ = {
			isa = PBXGroup;
			children = (
				A8C92F2E867B60571A8FABD0 /* KindnessSpinWheel.app */,
			);
			name = Products;
			sourceTree = "<group>";
		};
		956A10C5CD0BE9828958BACB /* Views */ = {
			isa = PBXGroup;
			children = (
				8487C4E236B372CAE06CE93F /* ContentView.swift */,
				ED7A52E8212E5785BFA98523 /* SpinWheelView.swift */,
				3D4817048E1E324B5ABF0DD9 /* ChallengeCardView.swift */,
				A1DCED72314E61D404A3BF0F /* StreakView.swift */,
			);
			path = Views;
			sourceTree = "<group>";
		};
		D50ED80368E8E7EA67F5A629 /* Models */ = {
			isa = PBXGroup;
			children = (
				D30A27AAB4032E6AA30D6DED /* KindnessModels.swift */,
			);
			path = Models;
			sourceTree = "<group>";
		};
/* End PBXGroup section */

/* Begin PBXNativeTarget section */
		9934F8E3614E228E4A15F868 /* KindnessSpinWheel */ = {
			isa = PBXNativeTarget;
			buildConfigurationList = BF40C2AAC66B3A23AA74CD70 /* Build configuration list for PBXNativeTarget "KindnessSpinWheel" */;
			buildPhases = (
				AD108105E7D3E82C5B790C63 /* Sources */,
				AF4405882FBE3024E8B04307 /* Frameworks */,
				66E80F01FFADDF2261BC6790 /* Resources */,
			);
			buildRules = (
			);
			dependencies = (
			);
			name = KindnessSpinWheel;
			packageProductDependencies = (
			);
			productName = KindnessSpinWheel;
			productReference = A8C92F2E867B60571A8FABD0 /* KindnessSpinWheel.app */;
			productType = "com.apple.product-type.application";
		};
/* End PBXNativeTarget section */

/* Begin PBXProject section */
		5EACA6539B5E2B961EB29154 /* Project object */ = {
			isa = PBXProject;
			attributes = {
				BuildIndependentTargetsInParallel = 1;
				LastSwiftUpdateCheck = 1500;
				LastUpgradeCheck = 1500;
				TargetAttributes = {
					9934F8E3614E228E4A15F868 = {
						CreatedOnToolsVersion = 15.0;
					};
				};
			};
			buildConfigurationList = 99808295F2EA0725C94E7EDE /* Build configuration list for PBXProject "KindnessSpinWheel" */;
			compatibilityVersion = "Xcode 14.0";
			developmentRegion = en;
			hasScannedForEncodings = 0;
			knownRegions = (
				en,
				Base,
			);
			mainGroup = 23FAFA09E4D7B69479D199E9;
			productRefGroup = 901809E33D0D2F47DB2FA267 /* Products */;
			projectDirPath = "";
			projectRoot = "";
			targets = (
				9934F8E3614E228E4A15F868 /* KindnessSpinWheel */,
			);
		};
/* End PBXProject section */

/* Begin PBXResourcesBuildPhase section */
		66E80F01FFADDF2261BC6790 /* Resources */ = {
			isa = PBXResourcesBuildPhase;
			buildActionMask = 2147483647;
			files = (
				655EC58B26B0E2242C49C128 /* Assets.xcassets in Resources */,
			);
			runOnlyForDeploymentPostprocessing = 0;
		};
/* End PBXResourcesBuildPhase section */

/* Begin PBXSourcesBuildPhase section */
		AD108105E7D3E82C5B790C63 /* Sources */ = {
			isa = PBXSourcesBuildPhase;
			buildActionMask = 2147483647;
			files = (
				85C3AB99C38AD729AD44EA8B /* KindnessSpinWheelApp.swift in Sources */,
				23A21586FFB99A320A325023 /* KindnessModels.swift in Sources */,
				290AB6B7936A65B7ECD9E98F /* SpinWheelController.swift in Sources */,
				1887597D0E458CF1DECA1BC5 /* ContentView.swift in Sources */,
				39907B7695A992C2E084CB08 /* SpinWheelView.swift in Sources */,
				2C60F8666A0C97BC86B5B300 /* ChallengeCardView.swift in Sources */,
				3FB7511A8DF0D54A7B17DA2B /* StreakView.swift in Sources */,
			);
			runOnlyForDeploymentPostprocessing = 0;
		};
/* End PBXSourcesBuildPhase section */

/* Begin XCBuildConfiguration section */
		2CD40E4AEA14C54412DD61FF /* Debug */ = {
			isa = XCBuildConfiguration;
			buildSettings = {
				ALWAYS_SEARCH_USER_PATHS = NO;
				CLANG_ANALYZER_NONNULL = YES;
				CLANG_CXX_LANGUAGE_STANDARD = "gnu++20";
				CLANG_ENABLE_MODULES = YES;
				CLANG_ENABLE_OBJC_ARC = YES;
				CLANG_WARN_BOOL_CONVERSION = YES;
				CLANG_WARN_COMMA = YES;
				CLANG_WARN_CONSTANT_CONVERSION = YES;
				CLANG_WARN_DEPRECATED_OBJC_IMPLEMENTATIONS = YES;
				CLANG_WARN_DIRECT_OBJC_ISA_USAGE = YES_ERROR;
				CLANG_WARN_EMPTY_BODY = YES;
				CLANG_WARN_ENUM_CONVERSION = YES;
				CLANG_WARN_INFINITE_RECURSION = YES;
				CLANG_WARN_INT_CONVERSION = YES;
				CLANG_WARN_UNREACHABLE_CODE = YES;
				CLANG_WARN__DUPLICATE_METHOD_MATCH = YES;
				COPY_PHASE_STRIP = NO;
				DEBUG_INFORMATION_FORMAT = dwarf;
				ENABLE_STRICT_OBJC_MSGSEND = YES;
				ENABLE_TESTABILITY = YES;
				GCC_C_LANGUAGE_STANDARD = gnu17;
				GCC_DYNAMIC_NO_PIC = NO;
				GCC_NO_COMMON_BLOCKS = YES;
				GCC_OPTIMIZATION_LEVEL = 0;
				GCC_PREPROCESSOR_DEFINITIONS = (
					"DEBUG=1",
					"$(inherited)",
				);
				GCC_WARN_64_TO_32_BIT_CONVERSION = YES;
				GCC_WARN_ABOUT_RETURN_TYPE = YES_ERROR;
				GCC_WARN_UNDECLARED_SELECTOR = YES;
				GCC_WARN_UNINITIALIZED_AUTOS = YES_AGGRESSIVE;
				GCC_WARN_UNUSED_FUNCTION = YES;
				GCC_WARN_UNUSED_VARIABLE = YES;
				IPHONEOS_DEPLOYMENT_TARGET = 17.0;
				MTL_ENABLE_DEBUG_INFO = INCLUDE_SOURCE;
				MTL_FAST_MATH = YES;
				ONLY_ACTIVE_ARCH = YES;
				SDKROOT = iphoneos;
				SWIFT_ACTIVE_COMPILATION_CONDITIONS = DEBUG;
				SWIFT_OPTIMIZATION_LEVEL = "-Onone";
			};
			name = Debug;
		};
		50F62B3FC5D8B36CF9377BEE /* Debug */ = {
			isa = XCBuildConfiguration;
			buildSettings = {
				ASETCATALOG_COMPILER_APPICON_NAME = AppIcon;
				ASETCATALOG_COMPILER_GLOBAL_ACCENT_COLOR_NAME = AccentColor;
				ASSIGNING_STYLE = automatic;
				BUNDLE_IDENTIFIER = com.yourname.KindnessSpinWheel;
				CODE_SIGN_STYLE = Automatic;
				CURRENT_PROJECT_VERSION = 1;
				DEVELOPMENT_TEAM = 6W49KKQ2NR;
				INFOPLIST_FILE = Resources/Info.plist;
				IPHONEOS_DEPLOYMENT_TARGET = 17.0;
				MARKETING_VERSION = 1.0;
				PRODUCT_BUNDLE_IDENTIFIER = com.yourname.KindnessSpinWheel;
				PRODUCT_BUNDLE_PACKAGE_TYPE = APPL;
				PRODUCT_NAME = "$(TARGET_NAME)";
				SDKROOT = iphoneos;
				SUPPORTED_PLATFORMS = iphoneos;
				SWIFT_EMIT_LOC_STRINGS = YES;
				SWIFT_VERSION = 5.0;
				TARGETED_DEVICE_FAMILY = "1,2";
			};
			name = Debug;
		};
		7B7387E16CFD4052F46C7648 /* Release */ = {
			isa = XCBuildConfiguration;
			buildSettings = {
				ASETCATALOG_COMPILER_APPICON_NAME = AppIcon;
				ASETCATALOG_COMPILER_GLOBAL_ACCENT_COLOR_NAME = AccentColor;
				ASSIGNING_STYLE = automatic;
				BUNDLE_IDENTIFIER = com.yourname.KindnessSpinWheel;
				CODE_SIGN_STYLE = Automatic;
				CURRENT_PROJECT_VERSION = 1;
				DEVELOPMENT_TEAM = 6W49KKQ2NR;
				INFOPLIST_FILE = Resources/Info.plist;
				IPHONEOS_DEPLOYMENT_TARGET = 17.0;
				MARKETING_VERSION = 1.0;
				PRODUCT_BUNDLE_IDENTIFIER = com.yourname.KindnessSpinWheel;
				PRODUCT_BUNDLE_PACKAGE_TYPE = APPL;
				PRODUCT_NAME = "$(TARGET_NAME)";
				SDKROOT = iphoneos;
				SUPPORTED_PLATFORMS = iphoneos;
				SWIFT_EMIT_LOC_STRINGS = YES;
				SWIFT_VERSION = 5.0;
				TARGETED_DEVICE_FAMILY = "1,2";
			};
			name = Release;
		};
		7EEE782743FE836B5FD81680 /* Release */ = {
			isa = XCBuildConfiguration;
			buildSettings = {
				ALWAYS_SEARCH_USER_PATHS = NO;
				CLANG_ANALYZER_NONNULL = YES;
				CLANG_CXX_LANGUAGE_STANDARD = "gnu++20";
				CLANG_ENABLE_MODULES = YES;
				CLANG_ENABLE_OBJC_ARC = YES;
				CLANG_WARN_BOOL_CONVERSION = YES;
				CLANG_WARN_COMMA = YES;
				CLANG_WARN_CONSTANT_CONVERSION = YES;
				CLANG_WARN_DEPRECATED_OBJC_IMPLEMENTATIONS = YES;
				CLANG_WARN_DIRECT_OBJC_ISA_USAGE = YES_ERROR;
				CLANG_WARN_EMPTY_BODY = YES;
				CLANG_WARN_ENUM_CONVERSION = YES;
				CLANG_WARN_INFINITE_RECURSION = YES;
				CLANG_WARN_INT_CONVERSION = YES;
				COPY_PHASE_STRIP = NO;
				DEBUG_INFORMATION_FORMAT = "dwarf-with-dsym";
				ENABLE_NS_ASSERTIONS = NO;
				ENABLE_STRICT_OBJC_MSGSEND = YES;
				GCC_C_LANGUAGE_STANDARD = gnu17;
				GCC_NO_COMMON_BLOCKS = YES;
				GCC_WARN_64_TO_32_BIT_CONVERSION = YES;
				GCC_WARN_ABOUT_RETURN_TYPE = YES_ERROR;
				GCC_WARN_UNDECLARED_SELECTOR = YES;
				GCC_WARN_UNINITIALIZED_AUTOS = YES_AGGRESSIVE;
				GCC_WARN_UNUSED_FUNCTION = YES;
				GCC_WARN_UNUSED_VARIABLE = YES;
				IPHONEOS_DEPLOYMENT_TARGET = 17.0;
				MTL_FAST_MATH = YES;
				SDKROOT = iphoneos;
				SWIFT_COMPILATION_MODE = wholemodule;
				SWIFT_OPTIMIZATION_LEVEL = "-O";
				VALIDATE_PRODUCT = YES;
			};
			name = Release;
		};
/* End XCBuildConfiguration section */

/* Begin XCConfigurationList section */
		99808295F2EA0725C94E7EDE /* Build configuration list for PBXProject "KindnessSpinWheel" */ = {
			isa = XCConfigurationList;
			buildConfigurations = (
				2CD40E4AEA14C54412DD61FF /* Debug */,
				7EEE782743FE836B5FD81680 /* Release */,
			);
			defaultConfigurationIsVisible = 0;
			defaultConfigurationName = Release;
		};
		BF40C2AAC66B3A23AA74CD70 /* Build configuration list for PBXNativeTarget "KindnessSpinWheel" */ = {
			isa = XCConfigurationList;
			buildConfigurations = (
				50F62B3FC5D8B36CF9377BEE /* Debug */,
				7B7387E16CFD4052F46C7648 /* Release */,
			);
			defaultConfigurationIsVisible = 0;
			defaultConfigurationName = Release;
		};
/* End XCConfigurationList section */
	};
	rootObject = 5EACA6539B5E2B961EB29154 /* Project object */;
}
